// !$*UTF8*$!
{
	archiveVersion = 1;
	classes = {
	};
	objectVersion = 46;
	objects = {

/* Begin PBXBuildFile section */
		F26AAE5A690325B934186965 /* Pods_customer_ios.framework in Frameworks */ = {isa = PBXBuildFile; fileRef = 3ABE842A2669E7F80A3D3258 /* Pods_customer_ios.framework */; };
		FA6D82101E61985000BD93C4 /* AppDelegate.swift in Sources */ = {isa = PBXBuildFile; fileRef = FA6D820F1E61985000BD93C4 /* AppDelegate.swift */; };
		FA6D82121E61985000BD93C4 /* ViewController.swift in Sources */ = {isa = PBXBuildFile; fileRef = FA6D82111E61985000BD93C4 /* ViewController.swift */; };
		FA6D82151E61985000BD93C4 /* Main.storyboard in Resources */ = {isa = PBXBuildFile; fileRef = FA6D82131E61985000BD93C4 /* Main.storyboard */; };
		FA6D82171E61985000BD93C4 /* Assets.xcassets in Resources */ = {isa = PBXBuildFile; fileRef = FA6D82161E61985000BD93C4 /* Assets.xcassets */; };
		FA6D821A1E61985000BD93C4 /* LaunchScreen.storyboard in Resources */ = {isa = PBXBuildFile; fileRef = FA6D82181E61985000BD93C4 /* LaunchScreen.storyboard */; };
/* End PBXBuildFile section */

/* Begin PBXFileReference section */
		3ABE842A2669E7F80A3D3258 /* Pods_customer_ios.framework */ = {isa = PBXFileReference; explicitFileType = wrapper.framework; includeInIndex = 0; path = Pods_customer_ios.framework; sourceTree = BUILT_PRODUCTS_DIR; };
		CD60E2970F9B29A6C86F4BC8 /* Pods-customer-ios.debug.xcconfig */ = {isa = PBXFileReference; includeInIndex = 1; lastKnownFileType = text.xcconfig; name = "Pods-customer-ios.debug.xcconfig"; path = "Pods/Target Support Files/Pods-customer-ios/Pods-customer-ios.debug.xcconfig"; sourceTree = "<group>"; };
		F5D7F21A940F72BD0E66519D /* Pods-customer-ios.release.xcconfig */ = {isa = PBXFileReference; includeInIndex = 1; lastKnownFileType = text.xcconfig; name = "Pods-customer-ios.release.xcconfig"; path = "Pods/Target Support Files/Pods-customer-ios/Pods-customer-ios.release.xcconfig"; sourceTree = "<group>"; };
		FA6D820C1E61984F00BD93C4 /* customer-ios.app */ = {isa = PBXFileReference; explicitFileType = wrapper.application; includeInIndex = 0; path = "customer-ios.app"; sourceTree = BUILT_PRODUCTS_DIR; };
		FA6D820F1E61985000BD93C4 /* AppDelegate.swift */ = {isa = PBXFileReference; lastKnownFileType = sourcecode.swift; path = AppDelegate.swift; sourceTree = "<group>"; };
		FA6D82111E61985000BD93C4 /* ViewController.swift */ = {isa = PBXFileReference; lastKnownFileType = sourcecode.swift; path = ViewController.swift; sourceTree = "<group>"; };
		FA6D82141E61985000BD93C4 /* Base */ = {isa = PBXFileReference; lastKnownFileType = file.storyboard; name = Base; path = Base.lproj/Main.storyboard; sourceTree = "<group>"; };
		FA6D82161E61985000BD93C4 /* Assets.xcassets */ = {isa = PBXFileReference; lastKnownFileType = folder.assetcatalog; path = Assets.xcassets; sourceTree = "<group>"; };
		FA6D82191E61985000BD93C4 /* Base */ = {isa = PBXFileReference; lastKnownFileType = file.storyboard; name = Base; path = Base.lproj/LaunchScreen.storyboard; sourceTree = "<group>"; };
		FA6D821B1E61985000BD93C4 /* Info.plist */ = {isa = PBXFileReference; lastKnownFileType = text.plist.xml; path = Info.plist; sourceTree = "<group>"; };
/* End PBXFileReference section */

/* Begin PBXFrameworksBuildPhase section */
		FA6D82091E61984F00BD93C4 /* Frameworks */ = {
			isa = PBXFrameworksBuildPhase;
			buildActionMask = 2147483647;
			files = (
				F26AAE5A690325B934186965 /* Pods_customer_ios.framework in Frameworks */,
			);
			runOnlyForDeploymentPostprocessing = 0;
		};
/* End PBXFrameworksBuildPhase section */

/* Begin PBXGroup section */
		84B934645E7E403E99F1DCBF /* Pods */ = {
			isa = PBXGroup;
			children = (
				CD60E2970F9B29A6C86F4BC8 /* Pods-customer-ios.debug.xcconfig */,
				F5D7F21A940F72BD0E66519D /* Pods-customer-ios.release.xcconfig */,
			);
			name = Pods;
			sourceTree = "<group>";
		};
		E71304EFBDE8384A8491B7DC /* Frameworks */ = {
			isa = PBXGroup;
			children = (
				3ABE842A2669E7F80A3D3258 /* Pods_customer_ios.framework */,
			);
			name = Frameworks;
			sourceTree = "<group>";
		};
		FA6D82031E61984F00BD93C4 = {
			isa = PBXGroup;
			children = (
				FA6D820E1E61985000BD93C4 /* customer-ios */,
				FA6D820D1E61984F00BD93C4 /* Products */,
				84B934645E7E403E99F1DCBF /* Pods */,
				E71304EFBDE8384A8491B7DC /* Frameworks */,
			);
			sourceTree = "<group>";
		};
		FA6D820D1E61984F00BD93C4 /* Products */ = {
			isa = PBXGroup;
			children = (
				FA6D820C1E61984F00BD93C4 /* customer-ios.app */,
			);
			name = Products;
			sourceTree = "<group>";
		};
		FA6D820E1E61985000BD93C4 /* customer-ios */ = {
			isa = PBXGroup;
			children = (
				FA6D820F1E61985000BD93C4 /* AppDelegate.swift */,
				FA6D82111E61985000BD93C4 /* ViewController.swift */,
				FA6D82131E61985000BD93C4 /* Main.storyboard */,
				FA6D82161E61985000BD93C4 /* Assets.xcassets */,
				FA6D82181E61985000BD93C4 /* LaunchScreen.storyboard */,
				FA6D821B1E61985000BD93C4 /* Info.plist */,
			);
			path = "customer-ios";
			sourceTree = "<group>";
		};
/* End PBXGroup section */

/* Begin PBXNativeTarget section */
		FA6D820B1E61984F00BD93C4 /* customer-ios */ = {
			isa = PBXNativeTarget;
			buildConfigurationList = FA6D821E1E61985000BD93C4 /* Build configuration list for PBXNativeTarget "customer-ios" */;
			buildPhases = (
				FB5C24C081A6E33A3860370E /* [CP] Check Pods Manifest.lock */,
				FA6D82081E61984F00BD93C4 /* Sources */,
				FA6D82091E61984F00BD93C4 /* Frameworks */,
				FA6D820A1E61984F00BD93C4 /* Resources */,
				7ED36E7AC845AEFD8EED2338 /* [CP] Embed Pods Frameworks */,
				3EDBB900616D1CC31EC161E7 /* [CP] Copy Pods Resources */,
			);
			buildRules = (
			);
			dependencies = (
			);
			name = "customer-ios";
			productName = "customer-ios";
			productReference = FA6D820C1E61984F00BD93C4 /* customer-ios.app */;
			productType = "com.apple.product-type.application";
		};
/* End PBXNativeTarget section */

/* Begin PBXProject section */
		FA6D82041E61984F00BD93C4 /* Project object */ = {
			isa = PBXProject;
			attributes = {
				LastSwiftUpdateCheck = 0730;
				LastUpgradeCheck = 0730;
				ORGANIZATIONNAME = "deepstreamHub GmbH";
				TargetAttributes = {
					FA6D820B1E61984F00BD93C4 = {
						CreatedOnToolsVersion = 7.3.1;
					};
				};
			};
			buildConfigurationList = FA6D82071E61984F00BD93C4 /* Build configuration list for PBXProject "customer-ios" */;
			compatibilityVersion = "Xcode 3.2";
			developmentRegion = English;
			hasScannedForEncodings = 0;
			knownRegions = (
				en,
				Base,
			);
			mainGroup = FA6D82031E61984F00BD93C4;
			productRefGroup = FA6D820D1E61984F00BD93C4 /* Products */;
			projectDirPath = "";
			projectRoot = "";
			targets = (
				FA6D820B1E61984F00BD93C4 /* customer-ios */,
			);
		};
/* End PBXProject section */

/* Begin PBXResourcesBuildPhase section */
		FA6D820A1E61984F00BD93C4 /* Resources */ = {
			isa = PBXResourcesBuildPhase;
			buildActionMask = 2147483647;
			files = (
				FA6D821A1E61985000BD93C4 /* LaunchScreen.storyboard in Resources */,
				FA6D82171E61985000BD93C4 /* Assets.xcassets in Resources */,
				FA6D82151E61985000BD93C4 /* Main.storyboard in Resources */,
			);
			runOnlyForDeploymentPostprocessing = 0;
		};
/* End PBXResourcesBuildPhase section */

/* Begin PBXShellScriptBuildPhase section */
		3EDBB900616D1CC31EC161E7 /* [CP] Copy Pods Resources */ = {
			isa = PBXShellScriptBuildPhase;
			buildActionMask = 2147483647;
			files = (
			);
			inputPaths = (
			);
			name = "[CP] Copy Pods Resources";
			outputPaths = (
			);
			runOnlyForDeploymentPostprocessing = 0;
			shellPath = /bin/sh;
			shellScript = "\"${SRCROOT}/Pods/Target Support Files/Pods-customer-ios/Pods-customer-ios-resources.sh\"\n";
			showEnvVarsInLog = 0;
		};
		7ED36E7AC845AEFD8EED2338 /* [CP] Embed Pods Frameworks */ = {
			isa = PBXShellScriptBuildPhase;
			buildActionMask = 2147483647;
			files = (
			);
			inputPaths = (
			);
			name = "[CP] Embed Pods Frameworks";
			outputPaths = (
			);
			runOnlyForDeploymentPostprocessing = 0;
			shellPath = /bin/sh;
			shellScript = "\"${SRCROOT}/Pods/Target Support Files/Pods-customer-ios/Pods-customer-ios-frameworks.sh\"\n";
			showEnvVarsInLog = 0;
		};
		FB5C24C081A6E33A3860370E /* [CP] Check Pods Manifest.lock */ = {
			isa = PBXShellScriptBuildPhase;
			buildActionMask = 2147483647;
			files = (
			);
			inputPaths = (
			);
			name = "[CP] Check Pods Manifest.lock";
			outputPaths = (
			);
			runOnlyForDeploymentPostprocessing = 0;
			shellPath = /bin/sh;
			shellScript = "diff \"${PODS_ROOT}/../Podfile.lock\" \"${PODS_ROOT}/Manifest.lock\" > /dev/null\nif [ $? != 0 ] ; then\n    # print error to STDERR\n    echo \"error: The sandbox is not in sync with the Podfile.lock. Run 'pod install' or update your CocoaPods installation.\" >&2\n    exit 1\nfi\n";
			showEnvVarsInLog = 0;
		};
/* End PBXShellScriptBuildPhase section */

/* Begin PBXSourcesBuildPhase section */
		FA6D82081E61984F00BD93C4 /* Sources */ = {
			isa = PBXSourcesBuildPhase;
			buildActionMask = 2147483647;
			files = (
				FA6D82121E61985000BD93C4 /* ViewController.swift in Sources */,
				FA6D82101E61985000BD93C4 /* AppDelegate.swift in Sources */,
			);
			runOnlyForDeploymentPostprocessing = 0;
		};
/* End PBXSourcesBuildPhase section */

/* Begin PBXVariantGroup section */
		FA6D82131E61985000BD93C4 /* Main.storyboard */ = {
			isa = PBXVariantGroup;
			children = (
				FA6D82141E61985000BD93C4 /* Base */,
			);
			name = Main.storyboard;
			sourceTree = "<group>";
		};
		FA6D82181E61985000BD93C4 /* LaunchScreen.storyboard */ = {
			isa = PBXVariantGroup;
			children = (
				FA6D82191E61985000BD93C4 /* Base */,
			);
			name = LaunchScreen.storyboard;
			sourceTree = "<group>";
		};
/* End PBXVariantGroup section */

/* Begin XCBuildConfiguration section */
		FA6D821C1E61985000BD93C4 /* Debug */ = {
			isa = XCBuildConfiguration;
			buildSettings = {
				ALWAYS_SEARCH_USER_PATHS = NO;
				CLANG_ANALYZER_NONNULL = YES;
				CLANG_CXX_LANGUAGE_STANDARD = "gnu++0x";
				CLANG_CXX_LIBRARY = "libc++";
				CLANG_ENABLE_MODULES = YES;
				CLANG_ENABLE_OBJC_ARC = YES;
				CLANG_WARN_BOOL_CONVERSION = YES;
				CLANG_WARN_CONSTANT_CONVERSION = YES;
				CLANG_WARN_DIRECT_OBJC_ISA_USAGE = YES_ERROR;
				CLANG_WARN_EMPTY_BODY = YES;
				CLANG_WARN_ENUM_CONVERSION = YES;
				CLANG_WARN_INT_CONVERSION = YES;
				CLANG_WARN_OBJC_ROOT_CLASS = YES_ERROR;
				CLANG_WARN_UNREACHABLE_CODE = YES;
				CLANG_WARN__DUPLICATE_METHOD_MATCH = YES;
				"CODE_SIGN_IDENTITY[sdk=iphoneos*]" = "iPhone Developer";
				COPY_PHASE_STRIP = NO;
				DEBUG_INFORMATION_FORMAT = dwarf;
				ENABLE_STRICT_OBJC_MSGSEND = YES;
				ENABLE_TESTABILITY = YES;
				GCC_C_LANGUAGE_STANDARD = gnu99;
				GCC_DYNAMIC_NO_PIC = NO;
				GCC_NO_COMMON_BLOCKS = YES;
				GCC_OPTIMIZATION_LEVEL = 0;
				GCC_PREPROCESSOR_DEFINITIONS = (
					"DEBUG=1",
					"$(inherited)",
				);
				GCC_WARN_64_TO_32_BIT_CONVERSION = YES;
				GCC_WARN_ABOUT_RETURN_TYPE = YES_ERROR;
				GCC_WARN_UNDECLARED_SELECTOR = YES;
				GCC_WARN_UNINITIALIZED_AUTOS = YES_AGGRESSIVE;
				GCC_WARN_UNUSED_FUNCTION = YES;
				GCC_WARN_UNUSED_VARIABLE = YES;
				IPHONEOS_DEPLOYMENT_TARGET = 9.3;
				MTL_ENABLE_DEBUG_INFO = YES;
				ONLY_ACTIVE_ARCH = YES;
				SDKROOT = iphoneos;
				SWIFT_OPTIMIZATION_LEVEL = "-Onone";
				TARGETED_DEVICE_FAMILY = "1,2";
			};
			name = Debug;
		};
		FA6D821D1E61985000BD93C4 /* Release */ = {
			isa = XCBuildConfiguration;
			buildSettings = {
				ALWAYS_SEARCH_USER_PATHS = NO;
				CLANG_ANALYZER_NONNULL = YES;
				CLANG_CXX_LANGUAGE_STANDARD = "gnu++0x";
				CLANG_CXX_LIBRARY = "libc++";
				CLANG_ENABLE_MODULES = YES;
				CLANG_ENABLE_OBJC_ARC = YES;
				CLANG_WARN_BOOL_CONVERSION = YES;
				CLANG_WARN_CONSTANT_CONVERSION = YES;
				CLANG_WARN_DIRECT_OBJC_ISA_USAGE = YES_ERROR;
				CLANG_WARN_EMPTY_BODY = YES;
				CLANG_WARN_ENUM_CONVERSION = YES;
				CLANG_WARN_INT_CONVERSION = YES;
				CLANG_WARN_OBJC_ROOT_CLASS = YES_ERROR;
				CLANG_WARN_UNREACHABLE_CODE = YES;
				CLANG_WARN__DUPLICATE_METHOD_MATCH = YES;
				"CODE_SIGN_IDENTITY[sdk=iphoneos*]" = "iPhone Developer";
				COPY_PHASE_STRIP = NO;
				DEBUG_INFORMATION_FORMAT = "dwarf-with-dsym";
				ENABLE_NS_ASSERTIONS = NO;
				ENABLE_STRICT_OBJC_MSGSEND = YES;
				GCC_C_LANGUAGE_STANDARD = gnu99;
				GCC_NO_COMMON_BLOCKS = YES;
				GCC_WARN_64_TO_32_BIT_CONVERSION = YES;
				GCC_WARN_ABOUT_RETURN_TYPE = YES_ERROR;
				GCC_WARN_UNDECLARED_SELECTOR = YES;
				GCC_WARN_UNINITIALIZED_AUTOS = YES_AGGRESSIVE;
				GCC_WARN_UNUSED_FUNCTION = YES;
				GCC_WARN_UNUSED_VARIABLE = YES;
				IPHONEOS_DEPLOYMENT_TARGET = 9.3;
				MTL_ENABLE_DEBUG_INFO = NO;
				SDKROOT = iphoneos;
				TARGETED_DEVICE_FAMILY = "1,2";
				VALIDATE_PRODUCT = YES;
			};
			name = Release;
		};
		FA6D821F1E61985000BD93C4 /* Debug */ = {
			isa = XCBuildConfiguration;
			baseConfigurationReference = CD60E2970F9B29A6C86F4BC8 /* Pods-customer-ios.debug.xcconfig */;
			buildSettings = {
				ASSETCATALOG_COMPILER_APPICON_NAME = AppIcon;
				INFOPLIST_FILE = "customer-ios/Info.plist";
				LD_RUNPATH_SEARCH_PATHS = "$(inherited) @executable_path/Frameworks";
				PRODUCT_BUNDLE_IDENTIFIER = "com.deepstreamHub.customer-ios";
				PRODUCT_NAME = "$(TARGET_NAME)";
			};
			name = Debug;
		};
		FA6D82201E61985000BD93C4 /* Release */ = {
			isa = XCBuildConfiguration;
			baseConfigurationReference = F5D7F21A940F72BD0E66519D /* Pods-customer-ios.release.xcconfig */;
			buildSettings = {
				ASSETCATALOG_COMPILER_APPICON_NAME = AppIcon;
				INFOPLIST_FILE = "customer-ios/Info.plist";
				LD_RUNPATH_SEARCH_PATHS = "$(inherited) @executable_path/Frameworks";
				PRODUCT_BUNDLE_IDENTIFIER = "com.deepstreamHub.customer-ios";
				PRODUCT_NAME = "$(TARGET_NAME)";
			};
			name = Release;
		};
/* End XCBuildConfiguration section */

/* Begin XCConfigurationList section */
		FA6D82071E61984F00BD93C4 /* Build configuration list for PBXProject "customer-ios" */ = {
			isa = XCConfigurationList;
			buildConfigurations = (
				FA6D821C1E61985000BD93C4 /* Debug */,
				FA6D821D1E61985000BD93C4 /* Release */,
			);
			defaultConfigurationIsVisible = 0;
			defaultConfigurationName = Release;
		};
		FA6D821E1E61985000BD93C4 /* Build configuration list for PBXNativeTarget "customer-ios" */ = {
			isa = XCConfigurationList;
			buildConfigurations = (
				FA6D821F1E61985000BD93C4 /* Debug */,
				FA6D82201E61985000BD93C4 /* Release */,
			);
			defaultConfigurationIsVisible = 0;
		};
/* End XCConfigurationList section */
	};
	rootObject = FA6D82041E61984F00BD93C4 /* Project object */;
}
